
Microsoft Visual Studio Solution File, Format Version 12.00
# Visual Studio Version 17
VisualStudioVersion = 17.10.35027.167
MinimumVisualStudioVersion = 10.0.40219.1
Project("{FAE04EC0-301F-11D3-BF4B-00C04F79EFBC}") = "NARA.Temperatura", "NARA.Temperatura\NARA.Temperatura.csproj", "{CD857706-F4C9-4D31-9ED6-16C6764EC73E}"
EndProject
Project("{FAE04EC0-301F-11D3-BF4B-00C04F79EFBC}") = "NARA.Cadena", "NARA.Cadena\NARA.Cadena.csproj", "{2930995B-CB90-436E-A2DB-9F2654433829}"
EndProject
Project("{FAE04EC0-301F-11D3-BF4B-00C04F79EFBC}") = "NARA.Temperatura.UnitTestMSTest", "NARA.Temperatura.UnitTestMSTest\NARA.Temperatura.UnitTestMSTest.csproj", "{3D972C6E-7AAD-4878-8599-8BA43EBB5C3A}"
EndProject
Project("{FAE04EC0-301F-11D3-BF4B-00C04F79EFBC}") = "NARA.Cadena.UnitTestxUnit", "NARA.Cadena.UnitTestxUnit\NARA.Cadena.UnitTestxUnit.csproj", "{622E74A2-E579-4914-B7EB-3EF9FC95109B}"
EndProject
Global
	GlobalSection(SolutionConfigurationPlatforms) = preSolution
		Debug|Any CPU = Debug|Any CPU
		Release|Any CPU = Release|Any CPU
	EndGlobalSection
	GlobalSection(ProjectConfigurationPlatforms) = postSolution
		{CD857706-F4C9-4D31-9ED6-16C6764EC73E}.Debug|Any CPU.ActiveCfg = Debug|Any CPU
		{CD857706-F4C9-4D31-9ED6-16C6764EC73E}.Debug|Any CPU.Build.0 = Debug|Any CPU
		{CD857706-F4C9-4D31-9ED6-16C6764EC73E}.Release|Any CPU.ActiveCfg = Release|Any CPU
		{CD857706-F4C9-4D31-9ED6-16C6764EC73E}.Release|Any CPU.Build.0 = Release|Any CPU
		{2930995B-CB90-436E-A2DB-9F2654433829}.Debug|Any CPU.ActiveCfg = Debug|Any CPU
		{2930995B-CB90-436E-A2DB-9F2654433829}.Debug|Any CPU.Build.0 = Debug|Any CPU
		{2930995B-CB90-436E-A2DB-9F2654433829}.Release|Any CPU.ActiveCfg = Release|Any CPU
		{2930995B-CB90-436E-A2DB-9F2654433829}.Release|Any CPU.Build.0 = Release|Any CPU
		{3D972C6E-7AAD-4878-8599-8BA43EBB5C3A}.Debug|Any CPU.ActiveCfg = Debug|Any CPU
		{3D972C6E-7AAD-4878-8599-8BA43EBB5C3A}.Debug|Any CPU.Build.0 = Debug|Any CPU
		{3D972C6E-7AAD-4878-8599-8BA43EBB5C3A}.Release|Any CPU.ActiveCfg = Release|Any CPU
		{3D972C6E-7AAD-4878-8599-8BA43EBB5C3A}.Release|Any CPU.Build.0 = Release|Any CPU
		{622E74A2-E579-4914-B7EB-3EF9FC95109B}.Debug|Any CPU.ActiveCfg = Debug|Any CPU
		{622E74A2-E579-4914-B7EB-3EF9FC95109B}.Debug|Any CPU.Build.0 = Debug|Any CPU
		{622E74A2-E579-4914-B7EB-3EF9FC95109B}.Release|Any CPU.ActiveCfg = Release|Any CPU
		{622E74A2-E579-4914-B7EB-3EF9FC95109B}.Release|Any CPU.Build.0 = Release|Any CPU
	EndGlobalSection
	GlobalSection(SolutionProperties) = preSolution
		HideSolutionNode = FALSE
	EndGlobalSection
	GlobalSection(ExtensibilityGlobals) = postSolution
		SolutionGuid = {80A9AB66-1BD8-4086-BCAA-B67EFCDF4B00}
	EndGlobalSection
EndGlobal
